
Microsoft Visual Studio Solution File, Format Version 12.00
# Visual Studio Version 17
VisualStudioVersion = 17.5.33530.505
MinimumVisualStudioVersion = 10.0.40219.1
Project("{FAE04EC0-301F-11D3-BF4B-00C04F79EFBC}") = "BlazorViewTransitions", "BlazorViewTransitions\BlazorViewTransitions.csproj", "{C6DE52A4-CB9F-4576-919F-8D26126FBB49}"
EndProject
Project("{FAE04EC0-301F-11D3-BF4B-00C04F79EFBC}") = "BlazorViewTransitions.Demo", "BlazorViewTransitions.Demo\BlazorViewTransitions.Demo.csproj", "{FE6A323E-CE7D-41BF-9BB0-4BC537E7CBBF}"
EndProject
Global
	GlobalSection(SolutionConfigurationPlatforms) = preSolution
		Debug|Any CPU = Debug|Any CPU
		Release|Any CPU = Release|Any CPU
	EndGlobalSection
	GlobalSection(ProjectConfigurationPlatforms) = postSolution
		{C6DE52A4-CB9F-4576-919F-8D26126FBB49}.Debug|Any CPU.ActiveCfg = Debug|Any CPU
		{C6DE52A4-CB9F-4576-919F-8D26126FBB49}.Debug|Any CPU.Build.0 = Debug|Any CPU
		{C6DE52A4-CB9F-4576-919F-8D26126FBB49}.Release|Any CPU.ActiveCfg = Release|Any CPU
		{C6DE52A4-CB9F-4576-919F-8D26126FBB49}.Release|Any CPU.Build.0 = Release|Any CPU
		{FE6A323E-CE7D-41BF-9BB0-4BC537E7CBBF}.Debug|Any CPU.ActiveCfg = Debug|Any CPU
		{FE6A323E-CE7D-41BF-9BB0-4BC537E7CBBF}.Debug|Any CPU.Build.0 = Debug|Any CPU
		{FE6A323E-CE7D-41BF-9BB0-4BC537E7CBBF}.Release|Any CPU.ActiveCfg = Release|Any CPU
		{FE6A323E-CE7D-41BF-9BB0-4BC537E7CBBF}.Release|Any CPU.Build.0 = Release|Any CPU
	EndGlobalSection
	GlobalSection(SolutionProperties) = preSolution
		HideSolutionNode = FALSE
	EndGlobalSection
	GlobalSection(ExtensibilityGlobals) = postSolution
		SolutionGuid = {2B272680-3333-4AC0-9371-57CEEC607550}
	EndGlobalSection
EndGlobal
